
Microsoft Visual Studio Solution File, Format Version 12.00
# Visual Studio Version 17
VisualStudioVersion = 17.3.32901.215
MinimumVisualStudioVersion = 10.0.40219.1
Project("{FAE04EC0-301F-11D3-BF4B-00C04F79EFBC}") = "Lab4AK", "Lab4AK\Lab4AK.csproj", "{493555BB-5120-4FFF-B645-6E6CD1BFE681}"
EndProject
Global
	GlobalSection(SolutionConfigurationPlatforms) = preSolution
		Debug|Any CPU = Debug|Any CPU
		Release|Any CPU = Release|Any CPU
	EndGlobalSection
	GlobalSection(ProjectConfigurationPlatforms) = postSolution
		{493555BB-5120-4FFF-B645-6E6CD1BFE681}.Debug|Any CPU.ActiveCfg = Debug|Any CPU
		{493555BB-5120-4FFF-B645-6E6CD1BFE681}.Debug|Any CPU.Build.0 = Debug|Any CPU
		{493555BB-5120-4FFF-B645-6E6CD1BFE681}.Release|Any CPU.ActiveCfg = Release|Any CPU
		{493555BB-5120-4FFF-B645-6E6CD1BFE681}.Release|Any CPU.Build.0 = Release|Any CPU
	EndGlobalSection
	GlobalSection(SolutionProperties) = preSolution
		HideSolutionNode = FALSE
	EndGlobalSection
	GlobalSection(ExtensibilityGlobals) = postSolution
		SolutionGuid = {718CC610-3F54-4BE0-95B1-31A315339EE0}
	EndGlobalSection
EndGlobal
